// !$*UTF8*$!
{
	archiveVersion = 1;
	classes = {
	};
	objectVersion = 56;
	objects = {

/* Begin PBXBuildFile section */
		042160262AA0EC25004F5C85 /* GoogleService-Info.plist in Resources */ = {isa = PBXBuildFile; fileRef = 042160252AA0EC25004F5C85 /* GoogleService-Info.plist */; };
		042160292AA0ED41004F5C85 /* FirebaseAnalyticsSwift in Frameworks */ = {isa = PBXBuildFile; productRef = 042160282AA0ED41004F5C85 /* FirebaseAnalyticsSwift */; };
		0421602B2AA0ED41004F5C85 /* FirebaseAnalyticsWithoutAdIdSupport in Frameworks */ = {isa = PBXBuildFile; productRef = 0421602A2AA0ED41004F5C85 /* FirebaseAnalyticsWithoutAdIdSupport */; };
		0421602D2AA0ED41004F5C85 /* FirebaseMessaging in Frameworks */ = {isa = PBXBuildFile; productRef = 0421602C2AA0ED41004F5C85 /* FirebaseMessaging */; };
		0421602F2AA0ED41004F5C85 /* FirebasePerformance in Frameworks */ = {isa = PBXBuildFile; productRef = 0421602E2AA0ED41004F5C85 /* FirebasePerformance */; };
		042160312AA0ED41004F5C85 /* FirebaseRemoteConfigSwift in Frameworks */ = {isa = PBXBuildFile; productRef = 042160302AA0ED41004F5C85 /* FirebaseRemoteConfigSwift */; };
		042160342AA0EE46004F5C85 /* AppFeature in Frameworks */ = {isa = PBXBuildFile; productRef = 042160332AA0EE46004F5C85 /* AppFeature */; };
		049E708B2AA0E11000328E6C /* TeancumApp.swift in Sources */ = {isa = PBXBuildFile; fileRef = 049E708A2AA0E11000328E6C /* TeancumApp.swift */; };
		049E708D2AA0E11000328E6C /* ContentView.swift in Sources */ = {isa = PBXBuildFile; fileRef = 049E708C2AA0E11000328E6C /* ContentView.swift */; };
		049E708F2AA0E11100328E6C /* Assets.xcassets in Resources */ = {isa = PBXBuildFile; fileRef = 049E708E2AA0E11100328E6C /* Assets.xcassets */; };
		049E70932AA0E11100328E6C /* Preview Assets.xcassets in Resources */ = {isa = PBXBuildFile; fileRef = 049E70922AA0E11100328E6C /* Preview Assets.xcassets */; };
/* End PBXBuildFile section */

/* Begin PBXFileReference section */
		042160242AA0E60F004F5C85 /* teancum-ios */ = {isa = PBXFileReference; lastKnownFileType = wrapper; name = "teancum-ios"; path = ..; sourceTree = "<group>"; };
		042160252AA0EC25004F5C85 /* GoogleService-Info.plist */ = {isa = PBXFileReference; fileEncoding = 4; lastKnownFileType = text.plist.xml; path = "GoogleService-Info.plist"; sourceTree = "<group>"; };
		049E70872AA0E11000328E6C /* Teancum.app */ = {isa = PBXFileReference; explicitFileType = wrapper.application; includeInIndex = 0; path = Teancum.app; sourceTree = BUILT_PRODUCTS_DIR; };
		049E708A2AA0E11000328E6C /* TeancumApp.swift */ = {isa = PBXFileReference; lastKnownFileType = sourcecode.swift; path = TeancumApp.swift; sourceTree = "<group>"; };
		049E708C2AA0E11000328E6C /* ContentView.swift */ = {isa = PBXFileReference; lastKnownFileType = sourcecode.swift; path = ContentView.swift; sourceTree = "<group>"; };
		049E708E2AA0E11100328E6C /* Assets.xcassets */ = {isa = PBXFileReference; lastKnownFileType = folder.assetcatalog; path = Assets.xcassets; sourceTree = "<group>"; };
		049E70902AA0E11100328E6C /* Teancum.entitlements */ = {isa = PBXFileReference; lastKnownFileType = text.plist.entitlements; path = Teancum.entitlements; sourceTree = "<group>"; };
		049E70922AA0E11100328E6C /* Preview Assets.xcassets */ = {isa = PBXFileReference; lastKnownFileType = folder.assetcatalog; path = "Preview Assets.xcassets"; sourceTree = "<group>"; };
/* End PBXFileReference section */

/* Begin PBXFrameworksBuildPhase section */
		049E70842AA0E11000328E6C /* Frameworks */ = {
			isa = PBXFrameworksBuildPhase;
			buildActionMask = 2147483647;
			files = (
				0421602D2AA0ED41004F5C85 /* FirebaseMessaging in Frameworks */,
				042160342AA0EE46004F5C85 /* AppFeature in Frameworks */,
				042160292AA0ED41004F5C85 /* FirebaseAnalyticsSwift in Frameworks */,
				042160312AA0ED41004F5C85 /* FirebaseRemoteConfigSwift in Frameworks */,
				0421602F2AA0ED41004F5C85 /* FirebasePerformance in Frameworks */,
				0421602B2AA0ED41004F5C85 /* FirebaseAnalyticsWithoutAdIdSupport in Frameworks */,
			);
			runOnlyForDeploymentPostprocessing = 0;
		};
/* End PBXFrameworksBuildPhase section */

/* Begin PBXGroup section */
		042160322AA0EE46004F5C85 /* Frameworks */ = {
			isa = PBXGroup;
			children = (
			);
			name = Frameworks;
			sourceTree = "<group>";
		};
		049E707E2AA0E11000328E6C = {
			isa = PBXGroup;
			children = (
				042160242AA0E60F004F5C85 /* teancum-ios */,
				049E70892AA0E11000328E6C /* Teancum */,
				049E70882AA0E11000328E6C /* Products */,
				042160322AA0EE46004F5C85 /* Frameworks */,
			);
			sourceTree = "<group>";
		};
		049E70882AA0E11000328E6C /* Products */ = {
			isa = PBXGroup;
			children = (
				049E70872AA0E11000328E6C /* Teancum.app */,
			);
			name = Products;
			sourceTree = "<group>";
		};
		049E70892AA0E11000328E6C /* Teancum */ = {
			isa = PBXGroup;
			children = (
				049E708A2AA0E11000328E6C /* TeancumApp.swift */,
				049E708C2AA0E11000328E6C /* ContentView.swift */,
				049E708E2AA0E11100328E6C /* Assets.xcassets */,
				049E70902AA0E11100328E6C /* Teancum.entitlements */,
				042160252AA0EC25004F5C85 /* GoogleService-Info.plist */,
				049E70912AA0E11100328E6C /* Preview Content */,
			);
			path = Teancum;
			sourceTree = "<group>";
		};
		049E70912AA0E11100328E6C /* Preview Content */ = {
			isa = PBXGroup;
			children = (
				049E70922AA0E11100328E6C /* Preview Assets.xcassets */,
			);
			path = "Preview Content";
			sourceTree = "<group>";
		};
/* End PBXGroup section */

/* Begin PBXNativeTarget section */
		049E70862AA0E11000328E6C /* Teancum */ = {
			isa = PBXNativeTarget;
			buildConfigurationList = 049E70962AA0E11100328E6C /* Build configuration list for PBXNativeTarget "Teancum" */;
			buildPhases = (
				049E70832AA0E11000328E6C /* Sources */,
				049E70842AA0E11000328E6C /* Frameworks */,
				049E70852AA0E11000328E6C /* Resources */,
			);
			buildRules = (
			);
			dependencies = (
			);
			name = Teancum;
			packageProductDependencies = (
				042160282AA0ED41004F5C85 /* FirebaseAnalyticsSwift */,
				0421602A2AA0ED41004F5C85 /* FirebaseAnalyticsWithoutAdIdSupport */,
				0421602C2AA0ED41004F5C85 /* FirebaseMessaging */,
				0421602E2AA0ED41004F5C85 /* FirebasePerformance */,
				042160302AA0ED41004F5C85 /* FirebaseRemoteConfigSwift */,
				042160332AA0EE46004F5C85 /* AppFeature */,
			);
			productName = Teancum;
			productReference = 049E70872AA0E11000328E6C /* Teancum.app */;
			productType = "com.apple.product-type.application";
		};
/* End PBXNativeTarget section */

/* Begin PBXProject section */
		049E707F2AA0E11000328E6C /* Project object */ = {
			isa = PBXProject;
			attributes = {
				BuildIndependentTargetsInParallel = 1;
				LastSwiftUpdateCheck = 1430;
				LastUpgradeCheck = 1430;
				TargetAttributes = {
					049E70862AA0E11000328E6C = {
						CreatedOnToolsVersion = 14.3.1;
					};
				};
			};
			buildConfigurationList = 049E70822AA0E11000328E6C /* Build configuration list for PBXProject "Teancum" */;
			compatibilityVersion = "Xcode 14.0";
			developmentRegion = en;
			hasScannedForEncodings = 0;
			knownRegions = (
				en,
				Base,
			);
			mainGroup = 049E707E2AA0E11000328E6C;
			packageReferences = (
				042160272AA0ED41004F5C85 /* XCRemoteSwiftPackageReference "firebase-ios-sdk" */,
			);
			productRefGroup = 049E70882AA0E11000328E6C /* Products */;
			projectDirPath = "";
			projectRoot = "";
			targets = (
				049E70862AA0E11000328E6C /* Teancum */,
			);
		};
/* End PBXProject section */

/* Begin PBXResourcesBuildPhase section */
		049E70852AA0E11000328E6C /* Resources */ = {
			isa = PBXResourcesBuildPhase;
			buildActionMask = 2147483647;
			files = (
				049E70932AA0E11100328E6C /* Preview Assets.xcassets in Resources */,
				049E708F2AA0E11100328E6C /* Assets.xcassets in Resources */,
				042160262AA0EC25004F5C85 /* GoogleService-Info.plist in Resources */,
			);
			runOnlyForDeploymentPostprocessing = 0;
		};
/* End PBXResourcesBuildPhase section */

/* Begin PBXSourcesBuildPhase section */
		049E70832AA0E11000328E6C /* Sources */ = {
			isa = PBXSourcesBuildPhase;
			buildActionMask = 2147483647;
			files = (
				049E708D2AA0E11000328E6C /* ContentView.swift in Sources */,
				049E708B2AA0E11000328E6C /* TeancumApp.swift in Sources */,
			);
			runOnlyForDeploymentPostprocessing = 0;
		};
/* End PBXSourcesBuildPhase section */

/* Begin XCBuildConfiguration section */
		049E70942AA0E11100328E6C /* Debug */ = {
			isa = XCBuildConfiguration;
			buildSettings = {
				ALWAYS_SEARCH_USER_PATHS = NO;
				CLANG_ANALYZER_NONNULL = YES;
				CLANG_ANALYZER_NUMBER_OBJECT_CONVERSION = YES_AGGRESSIVE;
				CLANG_CXX_LANGUAGE_STANDARD = "gnu++20";
				CLANG_ENABLE_MODULES = YES;
				CLANG_ENABLE_OBJC_ARC = YES;
				CLANG_ENABLE_OBJC_WEAK = YES;
				CLANG_WARN_BLOCK_CAPTURE_AUTORELEASING = YES;
				CLANG_WARN_BOOL_CONVERSION = YES;
				CLANG_WARN_COMMA = YES;
				CLANG_WARN_CONSTANT_CONVERSION = YES;
				CLANG_WARN_DEPRECATED_OBJC_IMPLEMENTATIONS = YES;
				CLANG_WARN_DIRECT_OBJC_ISA_USAGE = YES_ERROR;
				CLANG_WARN_DOCUMENTATION_COMMENTS = YES;
				CLANG_WARN_EMPTY_BODY = YES;
				CLANG_WARN_ENUM_CONVERSION = YES;
				CLANG_WARN_INFINITE_RECURSION = YES;
				CLANG_WARN_INT_CONVERSION = YES;
				CLANG_WARN_NON_LITERAL_NULL_CONVERSION = YES;
				CLANG_WARN_OBJC_IMPLICIT_RETAIN_SELF = YES;
				CLANG_WARN_OBJC_LITERAL_CONVERSION = YES;
				CLANG_WARN_OBJC_ROOT_CLASS = YES_ERROR;
				CLANG_WARN_QUOTED_INCLUDE_IN_FRAMEWORK_HEADER = YES;
				CLANG_WARN_RANGE_LOOP_ANALYSIS = YES;
				CLANG_WARN_STRICT_PROTOTYPES = YES;
				CLANG_WARN_SUSPICIOUS_MOVE = YES;
				CLANG_WARN_UNGUARDED_AVAILABILITY = YES_AGGRESSIVE;
				CLANG_WARN_UNREACHABLE_CODE = YES;
				CLANG_WARN__DUPLICATE_METHOD_MATCH = YES;
				COPY_PHASE_STRIP = NO;
				DEBUG_INFORMATION_FORMAT = dwarf;
				ENABLE_STRICT_OBJC_MSGSEND = YES;
				ENABLE_TESTABILITY = YES;
				GCC_C_LANGUAGE_STANDARD = gnu11;
				GCC_DYNAMIC_NO_PIC = NO;
				GCC_NO_COMMON_BLOCKS = YES;
				GCC_OPTIMIZATION_LEVEL = 0;
				GCC_PREPROCESSOR_DEFINITIONS = (
					"DEBUG=1",
					"$(inherited)",
				);
				GCC_WARN_64_TO_32_BIT_CONVERSION = YES;
				GCC_WARN_ABOUT_RETURN_TYPE = YES_ERROR;
				GCC_WARN_UNDECLARED_SELECTOR = YES;
				GCC_WARN_UNINITIALIZED_AUTOS = YES_AGGRESSIVE;
				GCC_WARN_UNUSED_FUNCTION = YES;
				GCC_WARN_UNUSED_VARIABLE = YES;
				MTL_ENABLE_DEBUG_INFO = INCLUDE_SOURCE;
				MTL_FAST_MATH = YES;
				ONLY_ACTIVE_ARCH = YES;
				SWIFT_ACTIVE_COMPILATION_CONDITIONS = DEBUG;
				SWIFT_OPTIMIZATION_LEVEL = "-Onone";
			};
			name = Debug;
		};
		049E70952AA0E11100328E6C /* Release */ = {
			isa = XCBuildConfiguration;
			buildSettings = {
				ALWAYS_SEARCH_USER_PATHS = NO;
				CLANG_ANALYZER_NONNULL = YES;
				CLANG_ANALYZER_NUMBER_OBJECT_CONVERSION = YES_AGGRESSIVE;
				CLANG_CXX_LANGUAGE_STANDARD = "gnu++20";
				CLANG_ENABLE_MODULES = YES;
				CLANG_ENABLE_OBJC_ARC = YES;
				CLANG_ENABLE_OBJC_WEAK = YES;
				CLANG_WARN_BLOCK_CAPTURE_AUTORELEASING = YES;
				CLANG_WARN_BOOL_CONVERSION = YES;
				CLANG_WARN_COMMA = YES;
				CLANG_WARN_CONSTANT_CONVERSION = YES;
				CLANG_WARN_DEPRECATED_OBJC_IMPLEMENTATIONS = YES;
				CLANG_WARN_DIRECT_OBJC_ISA_USAGE = YES_ERROR;
				CLANG_WARN_DOCUMENTATION_COMMENTS = YES;
				CLANG_WARN_EMPTY_BODY = YES;
				CLANG_WARN_ENUM_CONVERSION = YES;
				CLANG_WARN_INFINITE_RECURSION = YES;
				CLANG_WARN_INT_CONVERSION = YES;
				CLANG_WARN_NON_LITERAL_NULL_CONVERSION = YES;
				CLANG_WARN_OBJC_IMPLICIT_RETAIN_SELF = YES;
				CLANG_WARN_OBJC_LITERAL_CONVERSION = YES;
				CLANG_WARN_OBJC_ROOT_CLASS = YES_ERROR;
				CLANG_WARN_QUOTED_INCLUDE_IN_FRAMEWORK_HEADER = YES;
				CLANG_WARN_RANGE_LOOP_ANALYSIS = YES;
				CLANG_WARN_STRICT_PROTOTYPES = YES;
				CLANG_WARN_SUSPICIOUS_MOVE = YES;
				CLANG_WARN_UNGUARDED_AVAILABILITY = YES_AGGRESSIVE;
				CLANG_WARN_UNREACHABLE_CODE = YES;
				CLANG_WARN__DUPLICATE_METHOD_MATCH = YES;
				COPY_PHASE_STRIP = NO;
				DEBUG_INFORMATION_FORMAT = "dwarf-with-dsym";
				ENABLE_NS_ASSERTIONS = NO;
				ENABLE_STRICT_OBJC_MSGSEND = YES;
				GCC_C_LANGUAGE_STANDARD = gnu11;
				GCC_NO_COMMON_BLOCKS = YES;
				GCC_WARN_64_TO_32_BIT_CONVERSION = YES;
				GCC_WARN_ABOUT_RETURN_TYPE = YES_ERROR;
				GCC_WARN_UNDECLARED_SELECTOR = YES;
				GCC_WARN_UNINITIALIZED_AUTOS = YES_AGGRESSIVE;
				GCC_WARN_UNUSED_FUNCTION = YES;
				GCC_WARN_UNUSED_VARIABLE = YES;
				MTL_ENABLE_DEBUG_INFO = NO;
				MTL_FAST_MATH = YES;
				SWIFT_COMPILATION_MODE = wholemodule;
				SWIFT_OPTIMIZATION_LEVEL = "-O";
			};
			name = Release;
		};
		049E70972AA0E11100328E6C /* Debug */ = {
			isa = XCBuildConfiguration;
			buildSettings = {
				ASSETCATALOG_COMPILER_APPICON_NAME = AppIcon;
				ASSETCATALOG_COMPILER_GLOBAL_ACCENT_COLOR_NAME = AccentColor;
				CODE_SIGN_ENTITLEMENTS = Teancum/Teancum.entitlements;
				CODE_SIGN_STYLE = Automatic;
				CURRENT_PROJECT_VERSION = 1;
				DEVELOPMENT_ASSET_PATHS = "\"Teancum/Preview Content\"";
				DEVELOPMENT_TEAM = B27XK68R99;
				ENABLE_HARDENED_RUNTIME = YES;
				ENABLE_PREVIEWS = YES;
				GENERATE_INFOPLIST_FILE = YES;
				"INFOPLIST_KEY_UIApplicationSceneManifest_Generation[sdk=iphoneos*]" = YES;
				"INFOPLIST_KEY_UIApplicationSceneManifest_Generation[sdk=iphonesimulator*]" = YES;
				"INFOPLIST_KEY_UIApplicationSupportsIndirectInputEvents[sdk=iphoneos*]" = YES;
				"INFOPLIST_KEY_UIApplicationSupportsIndirectInputEvents[sdk=iphonesimulator*]" = YES;
				"INFOPLIST_KEY_UILaunchScreen_Generation[sdk=iphoneos*]" = YES;
				"INFOPLIST_KEY_UILaunchScreen_Generation[sdk=iphonesimulator*]" = YES;
				"INFOPLIST_KEY_UIStatusBarStyle[sdk=iphoneos*]" = UIStatusBarStyleDefault;
				"INFOPLIST_KEY_UIStatusBarStyle[sdk=iphonesimulator*]" = UIStatusBarStyleDefault;
				INFOPLIST_KEY_UISupportedInterfaceOrientations_iPad = "UIInterfaceOrientationPortrait UIInterfaceOrientationPortraitUpsideDown UIInterfaceOrientationLandscapeLeft UIInterfaceOrientationLandscapeRight";
				INFOPLIST_KEY_UISupportedInterfaceOrientations_iPhone = "UIInterfaceOrientationPortrait UIInterfaceOrientationLandscapeLeft UIInterfaceOrientationLandscapeRight";
				IPHONEOS_DEPLOYMENT_TARGET = 16.4;
				LD_RUNPATH_SEARCH_PATHS = "@executable_path/Frameworks";
				"LD_RUNPATH_SEARCH_PATHS[sdk=macosx*]" = "@executable_path/../Frameworks";
				MACOSX_DEPLOYMENT_TARGET = 13.3;
				MARKETING_VERSION = 1.0;
				PRODUCT_BUNDLE_IDENTIFIER = com.callingsplus.Teancum;
				PRODUCT_NAME = "$(TARGET_NAME)";
				SDKROOT = auto;
				SUPPORTED_PLATFORMS = "iphoneos iphonesimulator";
				SUPPORTS_MACCATALYST = YES;
				SUPPORTS_MAC_DESIGNED_FOR_IPHONE_IPAD = NO;
				SWIFT_EMIT_LOC_STRINGS = YES;
				SWIFT_VERSION = 5.0;
				TARGETED_DEVICE_FAMILY = "1,2";
			};
			name = Debug;
		};
		049E70982AA0E11100328E6C /* Release */ = {
			isa = XCBuildConfiguration;
			buildSettings = {
				ASSETCATALOG_COMPILER_APPICON_NAME = AppIcon;
				ASSETCATALOG_COMPILER_GLOBAL_ACCENT_COLOR_NAME = AccentColor;
				CODE_SIGN_ENTITLEMENTS = Teancum/Teancum.entitlements;
				CODE_SIGN_STYLE = Automatic;
				CURRENT_PROJECT_VERSION = 1;
				DEVELOPMENT_ASSET_PATHS = "\"Teancum/Preview Content\"";
				DEVELOPMENT_TEAM = B27XK68R99;
				ENABLE_HARDENED_RUNTIME = YES;
				ENABLE_PREVIEWS = YES;
				GENERATE_INFOPLIST_FILE = YES;
				"INFOPLIST_KEY_UIApplicationSceneManifest_Generation[sdk=iphoneos*]" = YES;
				"INFOPLIST_KEY_UIApplicationSceneManifest_Generation[sdk=iphonesimulator*]" = YES;
				"INFOPLIST_KEY_UIApplicationSupportsIndirectInputEvents[sdk=iphoneos*]" = YES;
				"INFOPLIST_KEY_UIApplicationSupportsIndirectInputEvents[sdk=iphonesimulator*]" = YES;
				"INFOPLIST_KEY_UILaunchScreen_Generation[sdk=iphoneos*]" = YES;
				"INFOPLIST_KEY_UILaunchScreen_Generation[sdk=iphonesimulator*]" = YES;
				"INFOPLIST_KEY_UIStatusBarStyle[sdk=iphoneos*]" = UIStatusBarStyleDefault;
				"INFOPLIST_KEY_UIStatusBarStyle[sdk=iphonesimulator*]" = UIStatusBarStyleDefault;
				INFOPLIST_KEY_UISupportedInterfaceOrientations_iPad = "UIInterfaceOrientationPortrait UIInterfaceOrientationPortraitUpsideDown UIInterfaceOrientationLandscapeLeft UIInterfaceOrientationLandscapeRight";
				INFOPLIST_KEY_UISupportedInterfaceOrientations_iPhone = "UIInterfaceOrientationPortrait UIInterfaceOrientationLandscapeLeft UIInterfaceOrientationLandscapeRight";
				IPHONEOS_DEPLOYMENT_TARGET = 16.4;
				LD_RUNPATH_SEARCH_PATHS = "@executable_path/Frameworks";
				"LD_RUNPATH_SEARCH_PATHS[sdk=macosx*]" = "@executable_path/../Frameworks";
				MACOSX_DEPLOYMENT_TARGET = 13.3;
				MARKETING_VERSION = 1.0;
				PRODUCT_BUNDLE_IDENTIFIER = com.callingsplus.Teancum;
				PRODUCT_NAME = "$(TARGET_NAME)";
				SDKROOT = auto;
				SUPPORTED_PLATFORMS = "iphoneos iphonesimulator";
				SUPPORTS_MACCATALYST = YES;
				SUPPORTS_MAC_DESIGNED_FOR_IPHONE_IPAD = NO;
				SWIFT_EMIT_LOC_STRINGS = YES;
				SWIFT_VERSION = 5.0;
				TARGETED_DEVICE_FAMILY = "1,2";
			};
			name = Release;
		};
/* End XCBuildConfiguration section */

/* Begin XCConfigurationList section */
		049E70822AA0E11000328E6C /* Build configuration list for PBXProject "Teancum" */ = {
			isa = XCConfigurationList;
			buildConfigurations = (
				049E70942AA0E11100328E6C /* Debug */,
				049E70952AA0E11100328E6C /* Release */,
			);
			defaultConfigurationIsVisible = 0;
			defaultConfigurationName = Release;
		};
		049E70962AA0E11100328E6C /* Build configuration list for PBXNativeTarget "Teancum" */ = {
			isa = XCConfigurationList;
			buildConfigurations = (
				049E70972AA0E11100328E6C /* Debug */,
				049E70982AA0E11100328E6C /* Release */,
			);
			defaultConfigurationIsVisible = 0;
			defaultConfigurationName = Release;
		};
/* End XCConfigurationList section */

/* Begin XCRemoteSwiftPackageReference section */
		042160272AA0ED41004F5C85 /* XCRemoteSwiftPackageReference "firebase-ios-sdk" */ = {
			isa = XCRemoteSwiftPackageReference;
			repositoryURL = "https://github.com/firebase/firebase-ios-sdk";
			requirement = {
				kind = upToNextMajorVersion;
				minimumVersion = 10.0.0;
			};
		};
/* End XCRemoteSwiftPackageReference section */

/* Begin XCSwiftPackageProductDependency section */
		042160282AA0ED41004F5C85 /* FirebaseAnalyticsSwift */ = {
			isa = XCSwiftPackageProductDependency;
			package = 042160272AA0ED41004F5C85 /* XCRemoteSwiftPackageReference "firebase-ios-sdk" */;
			productName = FirebaseAnalyticsSwift;
		};
		0421602A2AA0ED41004F5C85 /* FirebaseAnalyticsWithoutAdIdSupport */ = {
			isa = XCSwiftPackageProductDependency;
			package = 042160272AA0ED41004F5C85 /* XCRemoteSwiftPackageReference "firebase-ios-sdk" */;
			productName = FirebaseAnalyticsWithoutAdIdSupport;
		};
		0421602C2AA0ED41004F5C85 /* FirebaseMessaging */ = {
			isa = XCSwiftPackageProductDependency;
			package = 042160272AA0ED41004F5C85 /* XCRemoteSwiftPackageReference "firebase-ios-sdk" */;
			productName = FirebaseMessaging;
		};
		0421602E2AA0ED41004F5C85 /* FirebasePerformance */ = {
			isa = XCSwiftPackageProductDependency;
			package = 042160272AA0ED41004F5C85 /* XCRemoteSwiftPackageReference "firebase-ios-sdk" */;
			productName = FirebasePerformance;
		};
		042160302AA0ED41004F5C85 /* FirebaseRemoteConfigSwift */ = {
			isa = XCSwiftPackageProductDependency;
			package = 042160272AA0ED41004F5C85 /* XCRemoteSwiftPackageReference "firebase-ios-sdk" */;
			productName = FirebaseRemoteConfigSwift;
		};
		042160332AA0EE46004F5C85 /* AppFeature */ = {
			isa = XCSwiftPackageProductDependency;
			productName = AppFeature;
		};
/* End XCSwiftPackageProductDependency section */
	};
	rootObject = 049E707F2AA0E11000328E6C /* Project object */;
}
