// !$*UTF8*$!
{
	archiveVersion = 1;
	classes = {
	};
	objectVersion = 56;
	objects = {

/* Begin PBXBuildFile section */
		042160262AA0EC25004F5C85 /* GoogleService-Info.plist in Resources */ = {isa = PBXBuildFile; fileRef = 042160252AA0EC25004F5C85 /* GoogleService-Info.plist */; };
		049E708F2AA0E11100328E6C /* Assets.xcassets in Resources */ = {isa = PBXBuildFile; fileRef = 049E708E2AA0E11100328E6C /* Assets.xcassets */; };
		049E70932AA0E11100328E6C /* Preview Assets.xcassets in Resources */ = {isa = PBXBuildFile; fileRef = 049E70922AA0E11100328E6C /* Preview Assets.xcassets */; };
		700FD8532B1244CC00048EF6 /* FeaturesDemoAppApp.swift in Sources */ = {isa = PBXBuildFile; fileRef = 700FD8522B1244CC00048EF6 /* FeaturesDemoAppApp.swift */; };
		700FD8552B1244CC00048EF6 /* ContentView.swift in Sources */ = {isa = PBXBuildFile; fileRef = 700FD8542B1244CC00048EF6 /* ContentView.swift */; };
		700FD8572B1244CD00048EF6 /* Assets.xcassets in Resources */ = {isa = PBXBuildFile; fileRef = 700FD8562B1244CD00048EF6 /* Assets.xcassets */; };
		700FD85B2B1244CD00048EF6 /* Preview Assets.xcassets in Resources */ = {isa = PBXBuildFile; fileRef = 700FD85A2B1244CD00048EF6 /* Preview Assets.xcassets */; };
		700FD86F2B1244CD00048EF6 /* FeaturesDemoAppUITests.swift in Sources */ = {isa = PBXBuildFile; fileRef = 700FD86E2B1244CD00048EF6 /* FeaturesDemoAppUITests.swift */; };
		700FD8712B1244CD00048EF6 /* FeaturesDemoAppUITestsLaunchTests.swift in Sources */ = {isa = PBXBuildFile; fileRef = 700FD8702B1244CD00048EF6 /* FeaturesDemoAppUITestsLaunchTests.swift */; };
		70583E272B37678E00D35E16 /* FeaturesDemoAppCode in Frameworks */ = {isa = PBXBuildFile; productRef = 70583E262B37678E00D35E16 /* FeaturesDemoAppCode */; };
		70821BEB2AC874D5007DB507 /* BuildFix.swift in Sources */ = {isa = PBXBuildFile; fileRef = 70821BEA2AC874D5007DB507 /* BuildFix.swift */; };
		70DE04A42AB76E5700EED017 /* CallingsPlusAppCode in Frameworks */ = {isa = PBXBuildFile; productRef = 70DE04A32AB76E5700EED017 /* CallingsPlusAppCode */; };
/* End PBXBuildFile section */

/* Begin PBXContainerItemProxy section */
		700FD86B2B1244CD00048EF6 /* PBXContainerItemProxy */ = {
			isa = PBXContainerItemProxy;
			containerPortal = 049E707F2AA0E11000328E6C /* Project object */;
			proxyType = 1;
			remoteGlobalIDString = 700FD84F2B1244CC00048EF6;
			remoteInfo = FeaturesDemoApp;
		};
/* End PBXContainerItemProxy section */

/* Begin PBXFileReference section */
		042160252AA0EC25004F5C85 /* GoogleService-Info.plist */ = {isa = PBXFileReference; fileEncoding = 4; lastKnownFileType = text.plist.xml; path = "GoogleService-Info.plist"; sourceTree = "<group>"; };
		049E70872AA0E11000328E6C /* CallingsPlus.app */ = {isa = PBXFileReference; explicitFileType = wrapper.application; includeInIndex = 0; path = CallingsPlus.app; sourceTree = BUILT_PRODUCTS_DIR; };
		049E708E2AA0E11100328E6C /* Assets.xcassets */ = {isa = PBXFileReference; lastKnownFileType = folder.assetcatalog; path = Assets.xcassets; sourceTree = "<group>"; };
		049E70902AA0E11100328E6C /* CallingsPlus.entitlements */ = {isa = PBXFileReference; lastKnownFileType = text.plist.entitlements; path = CallingsPlus.entitlements; sourceTree = "<group>"; };
		049E70922AA0E11100328E6C /* Preview Assets.xcassets */ = {isa = PBXFileReference; lastKnownFileType = folder.assetcatalog; path = "Preview Assets.xcassets"; sourceTree = "<group>"; };
		700FD8502B1244CC00048EF6 /* FeaturesDemoApp.app */ = {isa = PBXFileReference; explicitFileType = wrapper.application; includeInIndex = 0; path = FeaturesDemoApp.app; sourceTree = BUILT_PRODUCTS_DIR; };
		700FD8522B1244CC00048EF6 /* FeaturesDemoAppApp.swift */ = {isa = PBXFileReference; lastKnownFileType = sourcecode.swift; path = FeaturesDemoAppApp.swift; sourceTree = "<group>"; };
		700FD8542B1244CC00048EF6 /* ContentView.swift */ = {isa = PBXFileReference; lastKnownFileType = sourcecode.swift; path = ContentView.swift; sourceTree = "<group>"; };
		700FD8562B1244CD00048EF6 /* Assets.xcassets */ = {isa = PBXFileReference; lastKnownFileType = folder.assetcatalog; path = Assets.xcassets; sourceTree = "<group>"; };
		700FD8582B1244CD00048EF6 /* FeaturesDemoApp.entitlements */ = {isa = PBXFileReference; lastKnownFileType = text.plist.entitlements; path = FeaturesDemoApp.entitlements; sourceTree = "<group>"; };
		700FD85A2B1244CD00048EF6 /* Preview Assets.xcassets */ = {isa = PBXFileReference; lastKnownFileType = folder.assetcatalog; path = "Preview Assets.xcassets"; sourceTree = "<group>"; };
		700FD86A2B1244CD00048EF6 /* FeaturesDemoAppUITests.xctest */ = {isa = PBXFileReference; explicitFileType = wrapper.cfbundle; includeInIndex = 0; path = FeaturesDemoAppUITests.xctest; sourceTree = BUILT_PRODUCTS_DIR; };
		700FD86E2B1244CD00048EF6 /* FeaturesDemoAppUITests.swift */ = {isa = PBXFileReference; lastKnownFileType = sourcecode.swift; path = FeaturesDemoAppUITests.swift; sourceTree = "<group>"; };
		700FD8702B1244CD00048EF6 /* FeaturesDemoAppUITestsLaunchTests.swift */ = {isa = PBXFileReference; lastKnownFileType = sourcecode.swift; path = FeaturesDemoAppUITestsLaunchTests.swift; sourceTree = "<group>"; };
		70583E252B37618500D35E16 /* CallingsPlusAppCode */ = {isa = PBXFileReference; lastKnownFileType = wrapper; name = CallingsPlusAppCode; path = ../CallingsPlusAppCode; sourceTree = "<group>"; };
		70821BEA2AC874D5007DB507 /* BuildFix.swift */ = {isa = PBXFileReference; lastKnownFileType = sourcecode.swift; path = BuildFix.swift; sourceTree = "<group>"; };
/* End PBXFileReference section */

/* Begin PBXFrameworksBuildPhase section */
		049E70842AA0E11000328E6C /* Frameworks */ = {
			isa = PBXFrameworksBuildPhase;
			buildActionMask = 2147483647;
			files = (
				70DE04A42AB76E5700EED017 /* CallingsPlusAppCode in Frameworks */,
			);
			runOnlyForDeploymentPostprocessing = 0;
		};
		700FD84D2B1244CC00048EF6 /* Frameworks */ = {
			isa = PBXFrameworksBuildPhase;
			buildActionMask = 2147483647;
			files = (
				70583E272B37678E00D35E16 /* FeaturesDemoAppCode in Frameworks */,
			);
			runOnlyForDeploymentPostprocessing = 0;
		};
		700FD8672B1244CD00048EF6 /* Frameworks */ = {
			isa = PBXFrameworksBuildPhase;
			buildActionMask = 2147483647;
			files = (
			);
			runOnlyForDeploymentPostprocessing = 0;
		};
/* End PBXFrameworksBuildPhase section */

/* Begin PBXGroup section */
		042160322AA0EE46004F5C85 /* Frameworks */ = {
			isa = PBXGroup;
			children = (
			);
			name = Frameworks;
			sourceTree = "<group>";
		};
		049E707E2AA0E11000328E6C = {
			isa = PBXGroup;
			children = (
				7053CCD92AAD526B008AAC54 /* Packages */,
				049E70892AA0E11000328E6C /* CallingsPlus */,
				700FD8512B1244CC00048EF6 /* FeaturesDemoApp */,
				700FD86D2B1244CD00048EF6 /* FeaturesDemoAppUITests */,
				049E70882AA0E11000328E6C /* Products */,
				042160322AA0EE46004F5C85 /* Frameworks */,
			);
			sourceTree = "<group>";
		};
		049E70882AA0E11000328E6C /* Products */ = {
			isa = PBXGroup;
			children = (
				049E70872AA0E11000328E6C /* CallingsPlus.app */,
				700FD8502B1244CC00048EF6 /* FeaturesDemoApp.app */,
				700FD86A2B1244CD00048EF6 /* FeaturesDemoAppUITests.xctest */,
			);
			name = Products;
			sourceTree = "<group>";
		};
		049E70892AA0E11000328E6C /* CallingsPlus */ = {
			isa = PBXGroup;
			children = (
				049E708E2AA0E11100328E6C /* Assets.xcassets */,
				049E70902AA0E11100328E6C /* CallingsPlus.entitlements */,
				042160252AA0EC25004F5C85 /* GoogleService-Info.plist */,
				70821BEA2AC874D5007DB507 /* BuildFix.swift */,
				049E70912AA0E11100328E6C /* Preview Content */,
			);
			path = CallingsPlus;
			sourceTree = "<group>";
		};
		049E70912AA0E11100328E6C /* Preview Content */ = {
			isa = PBXGroup;
			children = (
				049E70922AA0E11100328E6C /* Preview Assets.xcassets */,
			);
			path = "Preview Content";
			sourceTree = "<group>";
		};
		700FD8512B1244CC00048EF6 /* FeaturesDemoApp */ = {
			isa = PBXGroup;
			children = (
				700FD8522B1244CC00048EF6 /* FeaturesDemoAppApp.swift */,
				700FD8542B1244CC00048EF6 /* ContentView.swift */,
				700FD8562B1244CD00048EF6 /* Assets.xcassets */,
				700FD8582B1244CD00048EF6 /* FeaturesDemoApp.entitlements */,
				700FD8592B1244CD00048EF6 /* Preview Content */,
			);
			path = FeaturesDemoApp;
			sourceTree = "<group>";
		};
		700FD8592B1244CD00048EF6 /* Preview Content */ = {
			isa = PBXGroup;
			children = (
				700FD85A2B1244CD00048EF6 /* Preview Assets.xcassets */,
			);
			path = "Preview Content";
			sourceTree = "<group>";
		};
		700FD86D2B1244CD00048EF6 /* FeaturesDemoAppUITests */ = {
			isa = PBXGroup;
			children = (
				700FD86E2B1244CD00048EF6 /* FeaturesDemoAppUITests.swift */,
				700FD8702B1244CD00048EF6 /* FeaturesDemoAppUITestsLaunchTests.swift */,
			);
			path = FeaturesDemoAppUITests;
			sourceTree = "<group>";
		};
		7053CCD92AAD526B008AAC54 /* Packages */ = {
			isa = PBXGroup;
			children = (
				70583E252B37618500D35E16 /* CallingsPlusAppCode */,
			);
			name = Packages;
			sourceTree = "<group>";
		};
/* End PBXGroup section */

/* Begin PBXNativeTarget section */
		049E70862AA0E11000328E6C /* CallingsPlus */ = {
			isa = PBXNativeTarget;
			buildConfigurationList = 049E70962AA0E11100328E6C /* Build configuration list for PBXNativeTarget "CallingsPlus" */;
			buildPhases = (
				049E70832AA0E11000328E6C /* Sources */,
				049E70842AA0E11000328E6C /* Frameworks */,
				049E70852AA0E11000328E6C /* Resources */,
			);
			buildRules = (
			);
			dependencies = (
			);
			name = CallingsPlus;
			packageProductDependencies = (
				70DE04A32AB76E5700EED017 /* CallingsPlusAppCode */,
			);
			productName = CallingsPlus;
			productReference = 049E70872AA0E11000328E6C /* CallingsPlus.app */;
			productType = "com.apple.product-type.application";
		};
		700FD84F2B1244CC00048EF6 /* FeaturesDemoApp */ = {
			isa = PBXNativeTarget;
			buildConfigurationList = 700FD8782B1244CD00048EF6 /* Build configuration list for PBXNativeTarget "FeaturesDemoApp" */;
			buildPhases = (
				700FD84C2B1244CC00048EF6 /* Sources */,
				700FD84D2B1244CC00048EF6 /* Frameworks */,
				700FD84E2B1244CC00048EF6 /* Resources */,
			);
			buildRules = (
			);
			dependencies = (
			);
			name = FeaturesDemoApp;
			packageProductDependencies = (
				70583E262B37678E00D35E16 /* FeaturesDemoAppCode */,
			);
			productName = FeaturesDemoApp;
			productReference = 700FD8502B1244CC00048EF6 /* FeaturesDemoApp.app */;
			productType = "com.apple.product-type.application";
		};
		700FD8692B1244CD00048EF6 /* FeaturesDemoAppUITests */ = {
			isa = PBXNativeTarget;
			buildConfigurationList = 700FD87A2B1244CD00048EF6 /* Build configuration list for PBXNativeTarget "FeaturesDemoAppUITests" */;
			buildPhases = (
				700FD8662B1244CD00048EF6 /* Sources */,
				700FD8672B1244CD00048EF6 /* Frameworks */,
				700FD8682B1244CD00048EF6 /* Resources */,
			);
			buildRules = (
			);
			dependencies = (
				700FD86C2B1244CD00048EF6 /* PBXTargetDependency */,
			);
			name = FeaturesDemoAppUITests;
			productName = FeaturesDemoAppUITests;
			productReference = 700FD86A2B1244CD00048EF6 /* FeaturesDemoAppUITests.xctest */;
			productType = "com.apple.product-type.bundle.ui-testing";
		};
/* End PBXNativeTarget section */

/* Begin PBXProject section */
		049E707F2AA0E11000328E6C /* Project object */ = {
			isa = PBXProject;
			attributes = {
				BuildIndependentTargetsInParallel = 1;
				LastSwiftUpdateCheck = 1500;
				LastUpgradeCheck = 1430;
				TargetAttributes = {
					049E70862AA0E11000328E6C = {
						CreatedOnToolsVersion = 14.3.1;
						LastSwiftMigration = 1430;
					};
					700FD84F2B1244CC00048EF6 = {
						CreatedOnToolsVersion = 15.0;
					};
					700FD8692B1244CD00048EF6 = {
						CreatedOnToolsVersion = 15.0;
						TestTargetID = 700FD84F2B1244CC00048EF6;
					};
				};
			};
			buildConfigurationList = 049E70822AA0E11000328E6C /* Build configuration list for PBXProject "CallingsPlus" */;
			compatibilityVersion = "Xcode 14.0";
			developmentRegion = en;
			hasScannedForEncodings = 0;
			knownRegions = (
				en,
				Base,
			);
			mainGroup = 049E707E2AA0E11000328E6C;
			packageReferences = (
			);
			productRefGroup = 049E70882AA0E11000328E6C /* Products */;
			projectDirPath = "";
			projectRoot = "";
			targets = (
				049E70862AA0E11000328E6C /* CallingsPlus */,
				700FD84F2B1244CC00048EF6 /* FeaturesDemoApp */,
				700FD8692B1244CD00048EF6 /* FeaturesDemoAppUITests */,
			);
		};
/* End PBXProject section */

/* Begin PBXResourcesBuildPhase section */
		049E70852AA0E11000328E6C /* Resources */ = {
			isa = PBXResourcesBuildPhase;
			buildActionMask = 2147483647;
			files = (
				049E70932AA0E11100328E6C /* Preview Assets.xcassets in Resources */,
				049E708F2AA0E11100328E6C /* Assets.xcassets in Resources */,
				042160262AA0EC25004F5C85 /* GoogleService-Info.plist in Resources */,
			);
			runOnlyForDeploymentPostprocessing = 0;
		};
		700FD84E2B1244CC00048EF6 /* Resources */ = {
			isa = PBXResourcesBuildPhase;
			buildActionMask = 2147483647;
			files = (
				700FD85B2B1244CD00048EF6 /* Preview Assets.xcassets in Resources */,
				700FD8572B1244CD00048EF6 /* Assets.xcassets in Resources */,
			);
			runOnlyForDeploymentPostprocessing = 0;
		};
		700FD8682B1244CD00048EF6 /* Resources */ = {
			isa = PBXResourcesBuildPhase;
			buildActionMask = 2147483647;
			files = (
			);
			runOnlyForDeploymentPostprocessing = 0;
		};
/* End PBXResourcesBuildPhase section */

/* Begin PBXSourcesBuildPhase section */
		049E70832AA0E11000328E6C /* Sources */ = {
			isa = PBXSourcesBuildPhase;
			buildActionMask = 2147483647;
			files = (
				70821BEB2AC874D5007DB507 /* BuildFix.swift in Sources */,
			);
			runOnlyForDeploymentPostprocessing = 0;
		};
		700FD84C2B1244CC00048EF6 /* Sources */ = {
			isa = PBXSourcesBuildPhase;
			buildActionMask = 2147483647;
			files = (
				700FD8552B1244CC00048EF6 /* ContentView.swift in Sources */,
				700FD8532B1244CC00048EF6 /* FeaturesDemoAppApp.swift in Sources */,
			);
			runOnlyForDeploymentPostprocessing = 0;
		};
		700FD8662B1244CD00048EF6 /* Sources */ = {
			isa = PBXSourcesBuildPhase;
			buildActionMask = 2147483647;
			files = (
				700FD8712B1244CD00048EF6 /* FeaturesDemoAppUITestsLaunchTests.swift in Sources */,
				700FD86F2B1244CD00048EF6 /* FeaturesDemoAppUITests.swift in Sources */,
			);
			runOnlyForDeploymentPostprocessing = 0;
		};
/* End PBXSourcesBuildPhase section */

/* Begin PBXTargetDependency section */
		700FD86C2B1244CD00048EF6 /* PBXTargetDependency */ = {
			isa = PBXTargetDependency;
			target = 700FD84F2B1244CC00048EF6 /* FeaturesDemoApp */;
			targetProxy = 700FD86B2B1244CD00048EF6 /* PBXContainerItemProxy */;
		};
/* End PBXTargetDependency section */

/* Begin XCBuildConfiguration section */
		049E70942AA0E11100328E6C /* Debug */ = {
			isa = XCBuildConfiguration;
			buildSettings = {
				ALWAYS_SEARCH_USER_PATHS = NO;
				CLANG_ANALYZER_NONNULL = YES;
				CLANG_ANALYZER_NUMBER_OBJECT_CONVERSION = YES_AGGRESSIVE;
				CLANG_CXX_LANGUAGE_STANDARD = "gnu++20";
				CLANG_ENABLE_MODULES = YES;
				CLANG_ENABLE_OBJC_ARC = YES;
				CLANG_ENABLE_OBJC_WEAK = YES;
				CLANG_WARN_BLOCK_CAPTURE_AUTORELEASING = YES;
				CLANG_WARN_BOOL_CONVERSION = YES;
				CLANG_WARN_COMMA = YES;
				CLANG_WARN_CONSTANT_CONVERSION = YES;
				CLANG_WARN_DEPRECATED_OBJC_IMPLEMENTATIONS = YES;
				CLANG_WARN_DIRECT_OBJC_ISA_USAGE = YES_ERROR;
				CLANG_WARN_DOCUMENTATION_COMMENTS = YES;
				CLANG_WARN_EMPTY_BODY = YES;
				CLANG_WARN_ENUM_CONVERSION = YES;
				CLANG_WARN_INFINITE_RECURSION = YES;
				CLANG_WARN_INT_CONVERSION = YES;
				CLANG_WARN_NON_LITERAL_NULL_CONVERSION = YES;
				CLANG_WARN_OBJC_IMPLICIT_RETAIN_SELF = YES;
				CLANG_WARN_OBJC_LITERAL_CONVERSION = YES;
				CLANG_WARN_OBJC_ROOT_CLASS = YES_ERROR;
				CLANG_WARN_QUOTED_INCLUDE_IN_FRAMEWORK_HEADER = YES;
				CLANG_WARN_RANGE_LOOP_ANALYSIS = YES;
				CLANG_WARN_STRICT_PROTOTYPES = YES;
				CLANG_WARN_SUSPICIOUS_MOVE = YES;
				CLANG_WARN_UNGUARDED_AVAILABILITY = YES_AGGRESSIVE;
				CLANG_WARN_UNREACHABLE_CODE = YES;
				CLANG_WARN__DUPLICATE_METHOD_MATCH = YES;
				COPY_PHASE_STRIP = NO;
				DEAD_CODE_STRIPPING = YES;
				DEBUG_INFORMATION_FORMAT = dwarf;
				ENABLE_STRICT_OBJC_MSGSEND = YES;
				ENABLE_TESTABILITY = YES;
				GCC_C_LANGUAGE_STANDARD = gnu11;
				GCC_DYNAMIC_NO_PIC = NO;
				GCC_NO_COMMON_BLOCKS = YES;
				GCC_OPTIMIZATION_LEVEL = 0;
				GCC_PREPROCESSOR_DEFINITIONS = (
					"DEBUG=1",
					"$(inherited)",
				);
				GCC_WARN_64_TO_32_BIT_CONVERSION = YES;
				GCC_WARN_ABOUT_RETURN_TYPE = YES_ERROR;
				GCC_WARN_UNDECLARED_SELECTOR = YES;
				GCC_WARN_UNINITIALIZED_AUTOS = YES_AGGRESSIVE;
				GCC_WARN_UNUSED_FUNCTION = YES;
				GCC_WARN_UNUSED_VARIABLE = YES;
				MTL_ENABLE_DEBUG_INFO = INCLUDE_SOURCE;
				MTL_FAST_MATH = YES;
				ONLY_ACTIVE_ARCH = YES;
				SWIFT_ACTIVE_COMPILATION_CONDITIONS = DEBUG;
				SWIFT_OPTIMIZATION_LEVEL = "-Onone";
			};
			name = Debug;
		};
		049E70952AA0E11100328E6C /* Release */ = {
			isa = XCBuildConfiguration;
			buildSettings = {
				ALWAYS_SEARCH_USER_PATHS = NO;
				CLANG_ANALYZER_NONNULL = YES;
				CLANG_ANALYZER_NUMBER_OBJECT_CONVERSION = YES_AGGRESSIVE;
				CLANG_CXX_LANGUAGE_STANDARD = "gnu++20";
				CLANG_ENABLE_MODULES = YES;
				CLANG_ENABLE_OBJC_ARC = YES;
				CLANG_ENABLE_OBJC_WEAK = YES;
				CLANG_WARN_BLOCK_CAPTURE_AUTORELEASING = YES;
				CLANG_WARN_BOOL_CONVERSION = YES;
				CLANG_WARN_COMMA = YES;
				CLANG_WARN_CONSTANT_CONVERSION = YES;
				CLANG_WARN_DEPRECATED_OBJC_IMPLEMENTATIONS = YES;
				CLANG_WARN_DIRECT_OBJC_ISA_USAGE = YES_ERROR;
				CLANG_WARN_DOCUMENTATION_COMMENTS = YES;
				CLANG_WARN_EMPTY_BODY = YES;
				CLANG_WARN_ENUM_CONVERSION = YES;
				CLANG_WARN_INFINITE_RECURSION = YES;
				CLANG_WARN_INT_CONVERSION = YES;
				CLANG_WARN_NON_LITERAL_NULL_CONVERSION = YES;
				CLANG_WARN_OBJC_IMPLICIT_RETAIN_SELF = YES;
				CLANG_WARN_OBJC_LITERAL_CONVERSION = YES;
				CLANG_WARN_OBJC_ROOT_CLASS = YES_ERROR;
				CLANG_WARN_QUOTED_INCLUDE_IN_FRAMEWORK_HEADER = YES;
				CLANG_WARN_RANGE_LOOP_ANALYSIS = YES;
				CLANG_WARN_STRICT_PROTOTYPES = YES;
				CLANG_WARN_SUSPICIOUS_MOVE = YES;
				CLANG_WARN_UNGUARDED_AVAILABILITY = YES_AGGRESSIVE;
				CLANG_WARN_UNREACHABLE_CODE = YES;
				CLANG_WARN__DUPLICATE_METHOD_MATCH = YES;
				COPY_PHASE_STRIP = NO;
				DEAD_CODE_STRIPPING = YES;
				DEBUG_INFORMATION_FORMAT = "dwarf-with-dsym";
				ENABLE_NS_ASSERTIONS = NO;
				ENABLE_STRICT_OBJC_MSGSEND = YES;
				GCC_C_LANGUAGE_STANDARD = gnu11;
				GCC_NO_COMMON_BLOCKS = YES;
				GCC_WARN_64_TO_32_BIT_CONVERSION = YES;
				GCC_WARN_ABOUT_RETURN_TYPE = YES_ERROR;
				GCC_WARN_UNDECLARED_SELECTOR = YES;
				GCC_WARN_UNINITIALIZED_AUTOS = YES_AGGRESSIVE;
				GCC_WARN_UNUSED_FUNCTION = YES;
				GCC_WARN_UNUSED_VARIABLE = YES;
				MTL_ENABLE_DEBUG_INFO = NO;
				MTL_FAST_MATH = YES;
				SWIFT_COMPILATION_MODE = wholemodule;
				SWIFT_OPTIMIZATION_LEVEL = "-O";
			};
			name = Release;
		};
		049E70972AA0E11100328E6C /* Debug */ = {
			isa = XCBuildConfiguration;
			buildSettings = {
				ASSETCATALOG_COMPILER_APPICON_NAME = AppIcon;
				ASSETCATALOG_COMPILER_GLOBAL_ACCENT_COLOR_NAME = AccentColor;
				CLANG_ENABLE_MODULES = YES;
				CODE_SIGN_ENTITLEMENTS = CallingsPlus/CallingsPlus.entitlements;
				CODE_SIGN_STYLE = Automatic;
				CURRENT_PROJECT_VERSION = 1;
				DEAD_CODE_STRIPPING = YES;
				DEVELOPMENT_ASSET_PATHS = "CallingsPlus/Preview\\ Content";
				DEVELOPMENT_TEAM = R954JW4993;
				ENABLE_HARDENED_RUNTIME = YES;
				ENABLE_PREVIEWS = YES;
				GENERATE_INFOPLIST_FILE = YES;
				"INFOPLIST_KEY_UIApplicationSceneManifest_Generation[sdk=iphoneos*]" = YES;
				"INFOPLIST_KEY_UIApplicationSceneManifest_Generation[sdk=iphonesimulator*]" = YES;
				"INFOPLIST_KEY_UIApplicationSupportsIndirectInputEvents[sdk=iphoneos*]" = YES;
				"INFOPLIST_KEY_UIApplicationSupportsIndirectInputEvents[sdk=iphonesimulator*]" = YES;
				"INFOPLIST_KEY_UILaunchScreen_Generation[sdk=iphoneos*]" = YES;
				"INFOPLIST_KEY_UILaunchScreen_Generation[sdk=iphonesimulator*]" = YES;
				"INFOPLIST_KEY_UIStatusBarStyle[sdk=iphoneos*]" = UIStatusBarStyleDefault;
				"INFOPLIST_KEY_UIStatusBarStyle[sdk=iphonesimulator*]" = UIStatusBarStyleDefault;
				INFOPLIST_KEY_UISupportedInterfaceOrientations_iPad = "UIInterfaceOrientationPortrait UIInterfaceOrientationPortraitUpsideDown UIInterfaceOrientationLandscapeLeft UIInterfaceOrientationLandscapeRight";
				INFOPLIST_KEY_UISupportedInterfaceOrientations_iPhone = "UIInterfaceOrientationPortrait UIInterfaceOrientationLandscapeLeft UIInterfaceOrientationLandscapeRight";
				IPHONEOS_DEPLOYMENT_TARGET = 17.0;
				LD_RUNPATH_SEARCH_PATHS = "@executable_path/Frameworks";
				"LD_RUNPATH_SEARCH_PATHS[sdk=macosx*]" = "@executable_path/../Frameworks";
				MACOSX_DEPLOYMENT_TARGET = 13.3;
				MARKETING_VERSION = 1.0;
				PRODUCT_BUNDLE_IDENTIFIER = com.callingsplus.teancum;
				PRODUCT_NAME = "$(TARGET_NAME)";
				SDKROOT = auto;
				SUPPORTED_PLATFORMS = "iphoneos iphonesimulator";
				SUPPORTS_MACCATALYST = YES;
				SUPPORTS_MAC_DESIGNED_FOR_IPHONE_IPAD = NO;
				SWIFT_EMIT_LOC_STRINGS = YES;
				SWIFT_OPTIMIZATION_LEVEL = "-Onone";
				SWIFT_VERSION = 5.0;
				TARGETED_DEVICE_FAMILY = "1,2";
			};
			name = Debug;
		};
		049E70982AA0E11100328E6C /* Release */ = {
			isa = XCBuildConfiguration;
			buildSettings = {
				ASSETCATALOG_COMPILER_APPICON_NAME = AppIcon;
				ASSETCATALOG_COMPILER_GLOBAL_ACCENT_COLOR_NAME = AccentColor;
				CLANG_ENABLE_MODULES = YES;
				CODE_SIGN_ENTITLEMENTS = CallingsPlus/CallingsPlus.entitlements;
				CODE_SIGN_STYLE = Automatic;
				CURRENT_PROJECT_VERSION = 1;
				DEAD_CODE_STRIPPING = YES;
				DEVELOPMENT_ASSET_PATHS = "CallingsPlus/Preview\\ Content";
				DEVELOPMENT_TEAM = R954JW4993;
				ENABLE_HARDENED_RUNTIME = YES;
				ENABLE_PREVIEWS = YES;
				GENERATE_INFOPLIST_FILE = YES;
				"INFOPLIST_KEY_UIApplicationSceneManifest_Generation[sdk=iphoneos*]" = YES;
				"INFOPLIST_KEY_UIApplicationSceneManifest_Generation[sdk=iphonesimulator*]" = YES;
				"INFOPLIST_KEY_UIApplicationSupportsIndirectInputEvents[sdk=iphoneos*]" = YES;
				"INFOPLIST_KEY_UIApplicationSupportsIndirectInputEvents[sdk=iphonesimulator*]" = YES;
				"INFOPLIST_KEY_UILaunchScreen_Generation[sdk=iphoneos*]" = YES;
				"INFOPLIST_KEY_UILaunchScreen_Generation[sdk=iphonesimulator*]" = YES;
				"INFOPLIST_KEY_UIStatusBarStyle[sdk=iphoneos*]" = UIStatusBarStyleDefault;
				"INFOPLIST_KEY_UIStatusBarStyle[sdk=iphonesimulator*]" = UIStatusBarStyleDefault;
				INFOPLIST_KEY_UISupportedInterfaceOrientations_iPad = "UIInterfaceOrientationPortrait UIInterfaceOrientationPortraitUpsideDown UIInterfaceOrientationLandscapeLeft UIInterfaceOrientationLandscapeRight";
				INFOPLIST_KEY_UISupportedInterfaceOrientations_iPhone = "UIInterfaceOrientationPortrait UIInterfaceOrientationLandscapeLeft UIInterfaceOrientationLandscapeRight";
				IPHONEOS_DEPLOYMENT_TARGET = 17.0;
				LD_RUNPATH_SEARCH_PATHS = "@executable_path/Frameworks";
				"LD_RUNPATH_SEARCH_PATHS[sdk=macosx*]" = "@executable_path/../Frameworks";
				MACOSX_DEPLOYMENT_TARGET = 13.3;
				MARKETING_VERSION = 1.0;
				PRODUCT_BUNDLE_IDENTIFIER = com.callingsplus.teancum;
				PRODUCT_NAME = "$(TARGET_NAME)";
				SDKROOT = auto;
				SUPPORTED_PLATFORMS = "iphoneos iphonesimulator";
				SUPPORTS_MACCATALYST = YES;
				SUPPORTS_MAC_DESIGNED_FOR_IPHONE_IPAD = NO;
				SWIFT_EMIT_LOC_STRINGS = YES;
				SWIFT_VERSION = 5.0;
				TARGETED_DEVICE_FAMILY = "1,2";
			};
			name = Release;
		};
		700FD8722B1244CD00048EF6 /* Debug */ = {
			isa = XCBuildConfiguration;
			buildSettings = {
				ASSETCATALOG_COMPILER_APPICON_NAME = AppIcon;
				ASSETCATALOG_COMPILER_GENERATE_SWIFT_ASSET_SYMBOL_EXTENSIONS = YES;
				ASSETCATALOG_COMPILER_GLOBAL_ACCENT_COLOR_NAME = AccentColor;
				CODE_SIGN_ENTITLEMENTS = FeaturesDemoApp/FeaturesDemoApp.entitlements;
				CODE_SIGN_STYLE = Automatic;
				CURRENT_PROJECT_VERSION = 1;
				DEVELOPMENT_ASSET_PATHS = "\"FeaturesDemoApp/Preview Content\"";
				ENABLE_PREVIEWS = YES;
				ENABLE_USER_SCRIPT_SANDBOXING = YES;
				GCC_C_LANGUAGE_STANDARD = gnu17;
				GENERATE_INFOPLIST_FILE = YES;
				"INFOPLIST_KEY_UIApplicationSceneManifest_Generation[sdk=iphoneos*]" = YES;
				"INFOPLIST_KEY_UIApplicationSceneManifest_Generation[sdk=iphonesimulator*]" = YES;
				"INFOPLIST_KEY_UIApplicationSupportsIndirectInputEvents[sdk=iphoneos*]" = YES;
				"INFOPLIST_KEY_UIApplicationSupportsIndirectInputEvents[sdk=iphonesimulator*]" = YES;
				"INFOPLIST_KEY_UILaunchScreen_Generation[sdk=iphoneos*]" = YES;
				"INFOPLIST_KEY_UILaunchScreen_Generation[sdk=iphonesimulator*]" = YES;
				"INFOPLIST_KEY_UIStatusBarStyle[sdk=iphoneos*]" = UIStatusBarStyleDefault;
				"INFOPLIST_KEY_UIStatusBarStyle[sdk=iphonesimulator*]" = UIStatusBarStyleDefault;
				INFOPLIST_KEY_UISupportedInterfaceOrientations_iPad = "UIInterfaceOrientationPortrait UIInterfaceOrientationPortraitUpsideDown UIInterfaceOrientationLandscapeLeft UIInterfaceOrientationLandscapeRight";
				INFOPLIST_KEY_UISupportedInterfaceOrientations_iPhone = "UIInterfaceOrientationPortrait UIInterfaceOrientationLandscapeLeft UIInterfaceOrientationLandscapeRight";
				IPHONEOS_DEPLOYMENT_TARGET = 17.0;
				LD_RUNPATH_SEARCH_PATHS = "@executable_path/Frameworks";
				"LD_RUNPATH_SEARCH_PATHS[sdk=macosx*]" = "@executable_path/../Frameworks";
				LOCALIZATION_PREFERS_STRING_CATALOGS = YES;
				MACOSX_DEPLOYMENT_TARGET = 14.0;
				MARKETING_VERSION = 1.0;
				PRODUCT_BUNDLE_IDENTIFIER = com.callingsplus.FeaturesDemoApp;
				PRODUCT_NAME = "$(TARGET_NAME)";
				SDKROOT = auto;
				SUPPORTED_PLATFORMS = "iphoneos iphonesimulator";
				SUPPORTS_MACCATALYST = YES;
				SWIFT_ACTIVE_COMPILATION_CONDITIONS = "DEBUG $(inherited)";
				SWIFT_EMIT_LOC_STRINGS = YES;
				SWIFT_VERSION = 5.0;
				TARGETED_DEVICE_FAMILY = "1,2";
			};
			name = Debug;
		};
		700FD8732B1244CD00048EF6 /* Release */ = {
			isa = XCBuildConfiguration;
			buildSettings = {
				ASSETCATALOG_COMPILER_APPICON_NAME = AppIcon;
				ASSETCATALOG_COMPILER_GENERATE_SWIFT_ASSET_SYMBOL_EXTENSIONS = YES;
				ASSETCATALOG_COMPILER_GLOBAL_ACCENT_COLOR_NAME = AccentColor;
				CODE_SIGN_ENTITLEMENTS = FeaturesDemoApp/FeaturesDemoApp.entitlements;
				CODE_SIGN_STYLE = Automatic;
				CURRENT_PROJECT_VERSION = 1;
				DEVELOPMENT_ASSET_PATHS = "\"FeaturesDemoApp/Preview Content\"";
				ENABLE_PREVIEWS = YES;
				ENABLE_USER_SCRIPT_SANDBOXING = YES;
				GCC_C_LANGUAGE_STANDARD = gnu17;
				GENERATE_INFOPLIST_FILE = YES;
				"INFOPLIST_KEY_UIApplicationSceneManifest_Generation[sdk=iphoneos*]" = YES;
				"INFOPLIST_KEY_UIApplicationSceneManifest_Generation[sdk=iphonesimulator*]" = YES;
				"INFOPLIST_KEY_UIApplicationSupportsIndirectInputEvents[sdk=iphoneos*]" = YES;
				"INFOPLIST_KEY_UIApplicationSupportsIndirectInputEvents[sdk=iphonesimulator*]" = YES;
				"INFOPLIST_KEY_UILaunchScreen_Generation[sdk=iphoneos*]" = YES;
				"INFOPLIST_KEY_UILaunchScreen_Generation[sdk=iphonesimulator*]" = YES;
				"INFOPLIST_KEY_UIStatusBarStyle[sdk=iphoneos*]" = UIStatusBarStyleDefault;
				"INFOPLIST_KEY_UIStatusBarStyle[sdk=iphonesimulator*]" = UIStatusBarStyleDefault;
				INFOPLIST_KEY_UISupportedInterfaceOrientations_iPad = "UIInterfaceOrientationPortrait UIInterfaceOrientationPortraitUpsideDown UIInterfaceOrientationLandscapeLeft UIInterfaceOrientationLandscapeRight";
				INFOPLIST_KEY_UISupportedInterfaceOrientations_iPhone = "UIInterfaceOrientationPortrait UIInterfaceOrientationLandscapeLeft UIInterfaceOrientationLandscapeRight";
				IPHONEOS_DEPLOYMENT_TARGET = 17.0;
				LD_RUNPATH_SEARCH_PATHS = "@executable_path/Frameworks";
				"LD_RUNPATH_SEARCH_PATHS[sdk=macosx*]" = "@executable_path/../Frameworks";
				LOCALIZATION_PREFERS_STRING_CATALOGS = YES;
				MACOSX_DEPLOYMENT_TARGET = 14.0;
				MARKETING_VERSION = 1.0;
				PRODUCT_BUNDLE_IDENTIFIER = com.callingsplus.FeaturesDemoApp;
				PRODUCT_NAME = "$(TARGET_NAME)";
				SDKROOT = auto;
				SUPPORTED_PLATFORMS = "iphoneos iphonesimulator";
				SUPPORTS_MACCATALYST = YES;
				SWIFT_EMIT_LOC_STRINGS = YES;
				SWIFT_VERSION = 5.0;
				TARGETED_DEVICE_FAMILY = "1,2";
			};
			name = Release;
		};
		700FD8762B1244CD00048EF6 /* Debug */ = {
			isa = XCBuildConfiguration;
			buildSettings = {
				ALWAYS_EMBED_SWIFT_STANDARD_LIBRARIES = YES;
				ASSETCATALOG_COMPILER_GENERATE_SWIFT_ASSET_SYMBOL_EXTENSIONS = YES;
				CODE_SIGN_STYLE = Automatic;
				CURRENT_PROJECT_VERSION = 1;
				ENABLE_USER_SCRIPT_SANDBOXING = YES;
				GCC_C_LANGUAGE_STANDARD = gnu17;
				GENERATE_INFOPLIST_FILE = YES;
				IPHONEOS_DEPLOYMENT_TARGET = 17.0;
				LOCALIZATION_PREFERS_STRING_CATALOGS = YES;
				MACOSX_DEPLOYMENT_TARGET = 14.0;
				MARKETING_VERSION = 1.0;
				PRODUCT_BUNDLE_IDENTIFIER = com.callingsplus.FeaturesDemoAppUITests;
				PRODUCT_NAME = "$(TARGET_NAME)";
				SDKROOT = auto;
				SUPPORTED_PLATFORMS = "iphoneos iphonesimulator";
				SUPPORTS_MACCATALYST = YES;
				SWIFT_ACTIVE_COMPILATION_CONDITIONS = "DEBUG $(inherited)";
				SWIFT_EMIT_LOC_STRINGS = NO;
				SWIFT_VERSION = 5.0;
				TARGETED_DEVICE_FAMILY = "1,2";
				TEST_TARGET_NAME = FeaturesDemoApp;
			};
			name = Debug;
		};
		700FD8772B1244CD00048EF6 /* Release */ = {
			isa = XCBuildConfiguration;
			buildSettings = {
				ALWAYS_EMBED_SWIFT_STANDARD_LIBRARIES = YES;
				ASSETCATALOG_COMPILER_GENERATE_SWIFT_ASSET_SYMBOL_EXTENSIONS = YES;
				CODE_SIGN_STYLE = Automatic;
				CURRENT_PROJECT_VERSION = 1;
				ENABLE_USER_SCRIPT_SANDBOXING = YES;
				GCC_C_LANGUAGE_STANDARD = gnu17;
				GENERATE_INFOPLIST_FILE = YES;
				IPHONEOS_DEPLOYMENT_TARGET = 17.0;
				LOCALIZATION_PREFERS_STRING_CATALOGS = YES;
				MACOSX_DEPLOYMENT_TARGET = 14.0;
				MARKETING_VERSION = 1.0;
				PRODUCT_BUNDLE_IDENTIFIER = com.callingsplus.FeaturesDemoAppUITests;
				PRODUCT_NAME = "$(TARGET_NAME)";
				SDKROOT = auto;
				SUPPORTED_PLATFORMS = "iphoneos iphonesimulator";
				SUPPORTS_MACCATALYST = YES;
				SWIFT_EMIT_LOC_STRINGS = NO;
				SWIFT_VERSION = 5.0;
				TARGETED_DEVICE_FAMILY = "1,2";
				TEST_TARGET_NAME = FeaturesDemoApp;
			};
			name = Release;
		};
/* End XCBuildConfiguration section */

/* Begin XCConfigurationList section */
		049E70822AA0E11000328E6C /* Build configuration list for PBXProject "CallingsPlus" */ = {
			isa = XCConfigurationList;
			buildConfigurations = (
				049E70942AA0E11100328E6C /* Debug */,
				049E70952AA0E11100328E6C /* Release */,
			);
			defaultConfigurationIsVisible = 0;
			defaultConfigurationName = Release;
		};
		049E70962AA0E11100328E6C /* Build configuration list for PBXNativeTarget "CallingsPlus" */ = {
			isa = XCConfigurationList;
			buildConfigurations = (
				049E70972AA0E11100328E6C /* Debug */,
				049E70982AA0E11100328E6C /* Release */,
			);
			defaultConfigurationIsVisible = 0;
			defaultConfigurationName = Release;
		};
		700FD8782B1244CD00048EF6 /* Build configuration list for PBXNativeTarget "FeaturesDemoApp" */ = {
			isa = XCConfigurationList;
			buildConfigurations = (
				700FD8722B1244CD00048EF6 /* Debug */,
				700FD8732B1244CD00048EF6 /* Release */,
			);
			defaultConfigurationIsVisible = 0;
			defaultConfigurationName = Release;
		};
		700FD87A2B1244CD00048EF6 /* Build configuration list for PBXNativeTarget "FeaturesDemoAppUITests" */ = {
			isa = XCConfigurationList;
			buildConfigurations = (
				700FD8762B1244CD00048EF6 /* Debug */,
				700FD8772B1244CD00048EF6 /* Release */,
			);
			defaultConfigurationIsVisible = 0;
			defaultConfigurationName = Release;
		};
/* End XCConfigurationList section */

/* Begin XCSwiftPackageProductDependency section */
		70583E262B37678E00D35E16 /* FeaturesDemoAppCode */ = {
			isa = XCSwiftPackageProductDependency;
			productName = FeaturesDemoAppCode;
		};
		70DE04A32AB76E5700EED017 /* CallingsPlusAppCode */ = {
			isa = XCSwiftPackageProductDependency;
			productName = CallingsPlusAppCode;
		};
/* End XCSwiftPackageProductDependency section */
	};
	rootObject = 049E707F2AA0E11000328E6C /* Project object */;
}
